// !$*UTF8*$!
{
	archiveVersion = 1;
	classes = {
	};
	objectVersion = 56;
	objects = {

/* Begin PBXBuildFile section */
		1C2BF17528B76E3700E93C73 /* EvaluationModel.swift in Sources */ = {isa = PBXBuildFile; fileRef = 1C2BF17428B76E3700E93C73 /* EvaluationModel.swift */; };
		1C3B2B1628AC66A5005AF6ED /* DataSample.swift in Sources */ = {isa = PBXBuildFile; fileRef = 1C3B2B1528AC66A5005AF6ED /* DataSample.swift */; };
		1C42285A28A9627C00B9F92F /* Prototype1_3App.swift in Sources */ = {isa = PBXBuildFile; fileRef = 1C42285928A9627C00B9F92F /* Prototype1_3App.swift */; };
		1C42285C28A9627C00B9F92F /* ContentView.swift in Sources */ = {isa = PBXBuildFile; fileRef = 1C42285B28A9627C00B9F92F /* ContentView.swift */; };
		1C42285E28A9627D00B9F92F /* Assets.xcassets in Resources */ = {isa = PBXBuildFile; fileRef = 1C42285D28A9627D00B9F92F /* Assets.xcassets */; };
		1C42286128A9627D00B9F92F /* Preview Assets.xcassets in Resources */ = {isa = PBXBuildFile; fileRef = 1C42286028A9627D00B9F92F /* Preview Assets.xcassets */; };
		1C42286628A9627D00B9F92F /* Prototype1.3.xcdatamodeld in Sources */ = {isa = PBXBuildFile; fileRef = 1C42286428A9627D00B9F92F /* Prototype1.3.xcdatamodeld */; };
		1C42287028A9662700B9F92F /* DataController.swift in Sources */ = {isa = PBXBuildFile; fileRef = 1C42286F28A9662700B9F92F /* DataController.swift */; };
		1C42288C28A9A8A300B9F92F /* Home.swift in Sources */ = {isa = PBXBuildFile; fileRef = 1C42288B28A9A8A300B9F92F /* Home.swift */; };
		1C42288E28A9ABEC00B9F92F /* BillModel.swift in Sources */ = {isa = PBXBuildFile; fileRef = 1C42288D28A9ABEC00B9F92F /* BillModel.swift */; };
		1C42289028A9ADB600B9F92F /* CardView.swift in Sources */ = {isa = PBXBuildFile; fileRef = 1C42288F28A9ADB600B9F92F /* CardView.swift */; };
		1C42289228A9C93200B9F92F /* AddBillView.swift in Sources */ = {isa = PBXBuildFile; fileRef = 1C42289128A9C93200B9F92F /* AddBillView.swift */; };
		1C42289428A9C9D200B9F92F /* EditBillView.swift in Sources */ = {isa = PBXBuildFile; fileRef = 1C42289328A9C9D200B9F92F /* EditBillView.swift */; };
		1C42289628A9C9EF00B9F92F /* AddRoomView.swift in Sources */ = {isa = PBXBuildFile; fileRef = 1C42289528A9C9EF00B9F92F /* AddRoomView.swift */; };
		1C42289828A9CAC700B9F92F /* EditRoomView.swift in Sources */ = {isa = PBXBuildFile; fileRef = 1C42289728A9CAC700B9F92F /* EditRoomView.swift */; };
		1C42289A28A9CB5400B9F92F /* SettingView.swift in Sources */ = {isa = PBXBuildFile; fileRef = 1C42289928A9CB5400B9F92F /* SettingView.swift */; };
		1C734F2128B6D2E400EC327D /* RoomModel.swift in Sources */ = {isa = PBXBuildFile; fileRef = 1C734F2028B6D2E400EC327D /* RoomModel.swift */; };
		1CD3EF4928C98D7B0013AB6E /* Settings.bundle in Resources */ = {isa = PBXBuildFile; fileRef = 1CD3EF4828C98D7B0013AB6E /* Settings.bundle */; };
/* End PBXBuildFile section */

/* Begin PBXFileReference section */
		1C2BF17428B76E3700E93C73 /* EvaluationModel.swift */ = {isa = PBXFileReference; lastKnownFileType = sourcecode.swift; path = EvaluationModel.swift; sourceTree = "<group>"; };
		1C3B2B1528AC66A5005AF6ED /* DataSample.swift */ = {isa = PBXFileReference; lastKnownFileType = sourcecode.swift; path = DataSample.swift; sourceTree = "<group>"; };
		1C42285628A9627C00B9F92F /* Prototype1.3.app */ = {isa = PBXFileReference; explicitFileType = wrapper.application; includeInIndex = 0; path = Prototype1.3.app; sourceTree = BUILT_PRODUCTS_DIR; };
		1C42285928A9627C00B9F92F /* Prototype1_3App.swift */ = {isa = PBXFileReference; lastKnownFileType = sourcecode.swift; path = Prototype1_3App.swift; sourceTree = "<group>"; };
		1C42285B28A9627C00B9F92F /* ContentView.swift */ = {isa = PBXFileReference; lastKnownFileType = sourcecode.swift; path = ContentView.swift; sourceTree = "<group>"; };
		1C42285D28A9627D00B9F92F /* Assets.xcassets */ = {isa = PBXFileReference; lastKnownFileType = folder.assetcatalog; path = Assets.xcassets; sourceTree = "<group>"; };
		1C42286028A9627D00B9F92F /* Preview Assets.xcassets */ = {isa = PBXFileReference; lastKnownFileType = folder.assetcatalog; path = "Preview Assets.xcassets"; sourceTree = "<group>"; };
		1C42286528A9627D00B9F92F /* Prototype1_3.xcdatamodel */ = {isa = PBXFileReference; lastKnownFileType = wrapper.xcdatamodel; path = Prototype1_3.xcdatamodel; sourceTree = "<group>"; };
		1C42286F28A9662700B9F92F /* DataController.swift */ = {isa = PBXFileReference; lastKnownFileType = sourcecode.swift; path = DataController.swift; sourceTree = "<group>"; };
		1C42288B28A9A8A300B9F92F /* Home.swift */ = {isa = PBXFileReference; lastKnownFileType = sourcecode.swift; path = Home.swift; sourceTree = "<group>"; };
		1C42288D28A9ABEC00B9F92F /* BillModel.swift */ = {isa = PBXFileReference; lastKnownFileType = sourcecode.swift; path = BillModel.swift; sourceTree = "<group>"; };
		1C42288F28A9ADB600B9F92F /* CardView.swift */ = {isa = PBXFileReference; lastKnownFileType = sourcecode.swift; path = CardView.swift; sourceTree = "<group>"; };
		1C42289128A9C93200B9F92F /* AddBillView.swift */ = {isa = PBXFileReference; lastKnownFileType = sourcecode.swift; path = AddBillView.swift; sourceTree = "<group>"; };
		1C42289328A9C9D200B9F92F /* EditBillView.swift */ = {isa = PBXFileReference; lastKnownFileType = sourcecode.swift; path = EditBillView.swift; sourceTree = "<group>"; };
		1C42289528A9C9EF00B9F92F /* AddRoomView.swift */ = {isa = PBXFileReference; lastKnownFileType = sourcecode.swift; path = AddRoomView.swift; sourceTree = "<group>"; };
		1C42289728A9CAC700B9F92F /* EditRoomView.swift */ = {isa = PBXFileReference; lastKnownFileType = sourcecode.swift; path = EditRoomView.swift; sourceTree = "<group>"; };
		1C42289928A9CB5400B9F92F /* SettingView.swift */ = {isa = PBXFileReference; lastKnownFileType = sourcecode.swift; path = SettingView.swift; sourceTree = "<group>"; };
		1C734F2028B6D2E400EC327D /* RoomModel.swift */ = {isa = PBXFileReference; lastKnownFileType = sourcecode.swift; path = RoomModel.swift; sourceTree = "<group>"; };
		1CD3EF4828C98D7B0013AB6E /* Settings.bundle */ = {isa = PBXFileReference; lastKnownFileType = "wrapper.plug-in"; path = Settings.bundle; sourceTree = "<group>"; };
/* End PBXFileReference section */

/* Begin PBXFrameworksBuildPhase section */
		1C42285328A9627C00B9F92F /* Frameworks */ = {
			isa = PBXFrameworksBuildPhase;
			buildActionMask = 2147483647;
			files = (
			);
			runOnlyForDeploymentPostprocessing = 0;
		};
/* End PBXFrameworksBuildPhase section */

/* Begin PBXGroup section */
		1C42284D28A9627C00B9F92F = {
			isa = PBXGroup;
			children = (
				1C42285828A9627C00B9F92F /* Prototype1.3 */,
				1C42285728A9627C00B9F92F /* Products */,
			);
			sourceTree = "<group>";
		};
		1C42285728A9627C00B9F92F /* Products */ = {
			isa = PBXGroup;
			children = (
				1C42285628A9627C00B9F92F /* Prototype1.3.app */,
			);
			name = Products;
			sourceTree = "<group>";
		};
		1C42285828A9627C00B9F92F /* Prototype1.3 */ = {
			isa = PBXGroup;
			children = (
				1C42285928A9627C00B9F92F /* Prototype1_3App.swift */,
				1C42286E28A9632A00B9F92F /* Model */,
				1C42286C28A962DF00B9F92F /* Views */,
				1C42286D28A962EC00B9F92F /* DataModel */,
				1C42285D28A9627D00B9F92F /* Assets.xcassets */,
				1CD3EF4828C98D7B0013AB6E /* Settings.bundle */,
				1C42285F28A9627D00B9F92F /* Preview Content */,
			);
			path = Prototype1.3;
			sourceTree = "<group>";
		};
		1C42285F28A9627D00B9F92F /* Preview Content */ = {
			isa = PBXGroup;
			children = (
				1C42286028A9627D00B9F92F /* Preview Assets.xcassets */,
			);
			path = "Preview Content";
			sourceTree = "<group>";
		};
		1C42286C28A962DF00B9F92F /* Views */ = {
			isa = PBXGroup;
			children = (
				1C42285B28A9627C00B9F92F /* ContentView.swift */,
				1C42288B28A9A8A300B9F92F /* Home.swift */,
				1C42288F28A9ADB600B9F92F /* CardView.swift */,
				1C42289128A9C93200B9F92F /* AddBillView.swift */,
				1C42289328A9C9D200B9F92F /* EditBillView.swift */,
				1C42289528A9C9EF00B9F92F /* AddRoomView.swift */,
				1C42289728A9CAC700B9F92F /* EditRoomView.swift */,
				1C42289928A9CB5400B9F92F /* SettingView.swift */,
			);
			path = Views;
			sourceTree = "<group>";
		};
		1C42286D28A962EC00B9F92F /* DataModel */ = {
			isa = PBXGroup;
			children = (
				1C42286428A9627D00B9F92F /* Prototype1.3.xcdatamodeld */,
				1C2BF17428B76E3700E93C73 /* EvaluationModel.swift */,
				1C42286F28A9662700B9F92F /* DataController.swift */,
				1C3B2B1528AC66A5005AF6ED /* DataSample.swift */,
			);
			path = DataModel;
			sourceTree = "<group>";
		};
		1C42286E28A9632A00B9F92F /* Model */ = {
			isa = PBXGroup;
			children = (
				1C42288D28A9ABEC00B9F92F /* BillModel.swift */,
				1C734F2028B6D2E400EC327D /* RoomModel.swift */,
			);
			path = Model;
			sourceTree = "<group>";
		};
/* End PBXGroup section */

/* Begin PBXNativeTarget section */
		1C42285528A9627C00B9F92F /* Prototype1.3 */ = {
			isa = PBXNativeTarget;
			buildConfigurationList = 1C42286928A9627D00B9F92F /* Build configuration list for PBXNativeTarget "Prototype1.3" */;
			buildPhases = (
				1C42285228A9627C00B9F92F /* Sources */,
				1C42285328A9627C00B9F92F /* Frameworks */,
				1C42285428A9627C00B9F92F /* Resources */,
			);
			buildRules = (
			);
			dependencies = (
			);
			name = Prototype1.3;
			productName = Prototype1.3;
			productReference = 1C42285628A9627C00B9F92F /* Prototype1.3.app */;
			productType = "com.apple.product-type.application";
		};
/* End PBXNativeTarget section */

/* Begin PBXProject section */
		1C42284E28A9627C00B9F92F /* Project object */ = {
			isa = PBXProject;
			attributes = {
				BuildIndependentTargetsInParallel = 1;
				LastSwiftUpdateCheck = 1400;
				LastUpgradeCheck = 1400;
				TargetAttributes = {
					1C42285528A9627C00B9F92F = {
						CreatedOnToolsVersion = 14.0;
					};
				};
			};
			buildConfigurationList = 1C42285128A9627C00B9F92F /* Build configuration list for PBXProject "Prototype1.3" */;
			compatibilityVersion = "Xcode 14.0";
			developmentRegion = en;
			hasScannedForEncodings = 0;
			knownRegions = (
				en,
				Base,
			);
			mainGroup = 1C42284D28A9627C00B9F92F;
			productRefGroup = 1C42285728A9627C00B9F92F /* Products */;
			projectDirPath = "";
			projectRoot = "";
			targets = (
				1C42285528A9627C00B9F92F /* Prototype1.3 */,
			);
		};
/* End PBXProject section */

/* Begin PBXResourcesBuildPhase section */
		1C42285428A9627C00B9F92F /* Resources */ = {
			isa = PBXResourcesBuildPhase;
			buildActionMask = 2147483647;
			files = (
				1C42286128A9627D00B9F92F /* Preview Assets.xcassets in Resources */,
				1CD3EF4928C98D7B0013AB6E /* Settings.bundle in Resources */,
				1C42285E28A9627D00B9F92F /* Assets.xcassets in Resources */,
			);
			runOnlyForDeploymentPostprocessing = 0;
		};
/* End PBXResourcesBuildPhase section */

/* Begin PBXSourcesBuildPhase section */
		1C42285228A9627C00B9F92F /* Sources */ = {
			isa = PBXSourcesBuildPhase;
			buildActionMask = 2147483647;
			files = (
				1C42289428A9C9D200B9F92F /* EditBillView.swift in Sources */,
				1C42289028A9ADB600B9F92F /* CardView.swift in Sources */,
				1C734F2128B6D2E400EC327D /* RoomModel.swift in Sources */,
				1C42289A28A9CB5400B9F92F /* SettingView.swift in Sources */,
				1C42289828A9CAC700B9F92F /* EditRoomView.swift in Sources */,
				1C42285C28A9627C00B9F92F /* ContentView.swift in Sources */,
				1C42287028A9662700B9F92F /* DataController.swift in Sources */,
				1C3B2B1628AC66A5005AF6ED /* DataSample.swift in Sources */,
				1C42289228A9C93200B9F92F /* AddBillView.swift in Sources */,
				1C2BF17528B76E3700E93C73 /* EvaluationModel.swift in Sources */,
				1C42289628A9C9EF00B9F92F /* AddRoomView.swift in Sources */,
				1C42288C28A9A8A300B9F92F /* Home.swift in Sources */,
				1C42286628A9627D00B9F92F /* Prototype1.3.xcdatamodeld in Sources */,
				1C42288E28A9ABEC00B9F92F /* BillModel.swift in Sources */,
				1C42285A28A9627C00B9F92F /* Prototype1_3App.swift in Sources */,
			);
			runOnlyForDeploymentPostprocessing = 0;
		};
/* End PBXSourcesBuildPhase section */

/* Begin XCBuildConfiguration section */
		1C42286728A9627D00B9F92F /* Debug */ = {
			isa = XCBuildConfiguration;
			buildSettings = {
				ALWAYS_SEARCH_USER_PATHS = NO;
				CLANG_ANALYZER_NONNULL = YES;
				CLANG_ANALYZER_NUMBER_OBJECT_CONVERSION = YES_AGGRESSIVE;
				CLANG_CXX_LANGUAGE_STANDARD = "gnu++20";
				CLANG_ENABLE_MODULES = YES;
				CLANG_ENABLE_OBJC_ARC = YES;
				CLANG_ENABLE_OBJC_WEAK = YES;
				CLANG_WARN_BLOCK_CAPTURE_AUTORELEASING = YES;
				CLANG_WARN_BOOL_CONVERSION = YES;
				CLANG_WARN_COMMA = YES;
				CLANG_WARN_CONSTANT_CONVERSION = YES;
				CLANG_WARN_DEPRECATED_OBJC_IMPLEMENTATIONS = YES;
				CLANG_WARN_DIRECT_OBJC_ISA_USAGE = YES_ERROR;
				CLANG_WARN_DOCUMENTATION_COMMENTS = YES;
				CLANG_WARN_EMPTY_BODY = YES;
				CLANG_WARN_ENUM_CONVERSION = YES;
				CLANG_WARN_INFINITE_RECURSION = YES;
				CLANG_WARN_INT_CONVERSION = YES;
				CLANG_WARN_NON_LITERAL_NULL_CONVERSION = YES;
				CLANG_WARN_OBJC_IMPLICIT_RETAIN_SELF = YES;
				CLANG_WARN_OBJC_LITERAL_CONVERSION = YES;
				CLANG_WARN_OBJC_ROOT_CLASS = YES_ERROR;
				CLANG_WARN_QUOTED_INCLUDE_IN_FRAMEWORK_HEADER = YES;
				CLANG_WARN_RANGE_LOOP_ANALYSIS = YES;
				CLANG_WARN_STRICT_PROTOTYPES = YES;
				CLANG_WARN_SUSPICIOUS_MOVE = YES;
				CLANG_WARN_UNGUARDED_AVAILABILITY = YES_AGGRESSIVE;
				CLANG_WARN_UNREACHABLE_CODE = YES;
				CLANG_WARN__DUPLICATE_METHOD_MATCH = YES;
				COPY_PHASE_STRIP = NO;
				DEBUG_INFORMATION_FORMAT = dwarf;
				ENABLE_STRICT_OBJC_MSGSEND = YES;
				ENABLE_TESTABILITY = YES;
				GCC_C_LANGUAGE_STANDARD = gnu11;
				GCC_DYNAMIC_NO_PIC = NO;
				GCC_NO_COMMON_BLOCKS = YES;
				GCC_OPTIMIZATION_LEVEL = 0;
				GCC_PREPROCESSOR_DEFINITIONS = (
					"DEBUG=1",
					"$(inherited)",
				);
				GCC_WARN_64_TO_32_BIT_CONVERSION = YES;
				GCC_WARN_ABOUT_RETURN_TYPE = YES_ERROR;
				GCC_WARN_UNDECLARED_SELECTOR = YES;
				GCC_WARN_UNINITIALIZED_AUTOS = YES_AGGRESSIVE;
				GCC_WARN_UNUSED_FUNCTION = YES;
				GCC_WARN_UNUSED_VARIABLE = YES;
				IPHONEOS_DEPLOYMENT_TARGET = 16.0;
				MTL_ENABLE_DEBUG_INFO = INCLUDE_SOURCE;
				MTL_FAST_MATH = YES;
				ONLY_ACTIVE_ARCH = YES;
				SDKROOT = iphoneos;
				SWIFT_ACTIVE_COMPILATION_CONDITIONS = DEBUG;
				SWIFT_OPTIMIZATION_LEVEL = "-Onone";
			};
			name = Debug;
		};
		1C42286828A9627D00B9F92F /* Release */ = {
			isa = XCBuildConfiguration;
			buildSettings = {
				ALWAYS_SEARCH_USER_PATHS = NO;
				CLANG_ANALYZER_NONNULL = YES;
				CLANG_ANALYZER_NUMBER_OBJECT_CONVERSION = YES_AGGRESSIVE;
				CLANG_CXX_LANGUAGE_STANDARD = "gnu++20";
				CLANG_ENABLE_MODULES = YES;
				CLANG_ENABLE_OBJC_ARC = YES;
				CLANG_ENABLE_OBJC_WEAK = YES;
				CLANG_WARN_BLOCK_CAPTURE_AUTORELEASING = YES;
				CLANG_WARN_BOOL_CONVERSION = YES;
				CLANG_WARN_COMMA = YES;
				CLANG_WARN_CONSTANT_CONVERSION = YES;
				CLANG_WARN_DEPRECATED_OBJC_IMPLEMENTATIONS = YES;
				CLANG_WARN_DIRECT_OBJC_ISA_USAGE = YES_ERROR;
				CLANG_WARN_DOCUMENTATION_COMMENTS = YES;
				CLANG_WARN_EMPTY_BODY = YES;
				CLANG_WARN_ENUM_CONVERSION = YES;
				CLANG_WARN_INFINITE_RECURSION = YES;
				CLANG_WARN_INT_CONVERSION = YES;
				CLANG_WARN_NON_LITERAL_NULL_CONVERSION = YES;
				CLANG_WARN_OBJC_IMPLICIT_RETAIN_SELF = YES;
				CLANG_WARN_OBJC_LITERAL_CONVERSION = YES;
				CLANG_WARN_OBJC_ROOT_CLASS = YES_ERROR;
				CLANG_WARN_QUOTED_INCLUDE_IN_FRAMEWORK_HEADER = YES;
				CLANG_WARN_RANGE_LOOP_ANALYSIS = YES;
				CLANG_WARN_STRICT_PROTOTYPES = YES;
				CLANG_WARN_SUSPICIOUS_MOVE = YES;
				CLANG_WARN_UNGUARDED_AVAILABILITY = YES_AGGRESSIVE;
				CLANG_WARN_UNREACHABLE_CODE = YES;
				CLANG_WARN__DUPLICATE_METHOD_MATCH = YES;
				COPY_PHASE_STRIP = NO;
				DEBUG_INFORMATION_FORMAT = "dwarf-with-dsym";
				ENABLE_NS_ASSERTIONS = NO;
				ENABLE_STRICT_OBJC_MSGSEND = YES;
				GCC_C_LANGUAGE_STANDARD = gnu11;
				GCC_NO_COMMON_BLOCKS = YES;
				GCC_WARN_64_TO_32_BIT_CONVERSION = YES;
				GCC_WARN_ABOUT_RETURN_TYPE = YES_ERROR;
				GCC_WARN_UNDECLARED_SELECTOR = YES;
				GCC_WARN_UNINITIALIZED_AUTOS = YES_AGGRESSIVE;
				GCC_WARN_UNUSED_FUNCTION = YES;
				GCC_WARN_UNUSED_VARIABLE = YES;
				IPHONEOS_DEPLOYMENT_TARGET = 16.0;
				MTL_ENABLE_DEBUG_INFO = NO;
				MTL_FAST_MATH = YES;
				SDKROOT = iphoneos;
				SWIFT_COMPILATION_MODE = wholemodule;
				SWIFT_OPTIMIZATION_LEVEL = "-O";
				VALIDATE_PRODUCT = YES;
			};
			name = Release;
		};
		1C42286A28A9627D00B9F92F /* Debug */ = {
			isa = XCBuildConfiguration;
			buildSettings = {
				ASSETCATALOG_COMPILER_APPICON_NAME = AppIcon;
				ASSETCATALOG_COMPILER_GLOBAL_ACCENT_COLOR_NAME = AccentColor;
				CODE_SIGN_STYLE = Automatic;
				CURRENT_PROJECT_VERSION = 1;
				DEVELOPMENT_ASSET_PATHS = "\"Prototype1.3/Preview Content\"";
				DEVELOPMENT_TEAM = YNWL5LBFNH;
				ENABLE_PREVIEWS = YES;
				GENERATE_INFOPLIST_FILE = YES;
				INFOPLIST_KEY_UIApplicationSceneManifest_Generation = YES;
				INFOPLIST_KEY_UIApplicationSupportsIndirectInputEvents = YES;
				INFOPLIST_KEY_UILaunchScreen_Generation = YES;
				INFOPLIST_KEY_UISupportedInterfaceOrientations_iPad = "UIInterfaceOrientationPortrait UIInterfaceOrientationPortraitUpsideDown UIInterfaceOrientationLandscapeLeft UIInterfaceOrientationLandscapeRight";
				INFOPLIST_KEY_UISupportedInterfaceOrientations_iPhone = "UIInterfaceOrientationPortrait UIInterfaceOrientationLandscapeLeft UIInterfaceOrientationLandscapeRight";
				IPHONEOS_DEPLOYMENT_TARGET = 16.0;
				LD_RUNPATH_SEARCH_PATHS = (
					"$(inherited)",
					"@executable_path/Frameworks",
				);
				MARKETING_VERSION = 1.0;
				PRODUCT_BUNDLE_IDENTIFIER = com.energyevaluation.Prototype1.3;
				PRODUCT_NAME = "$(TARGET_NAME)";
				SWIFT_EMIT_LOC_STRINGS = YES;
				SWIFT_VERSION = 5.0;
				TARGETED_DEVICE_FAMILY = "1,2";
			};
			name = Debug;
		};
		1C42286B28A9627D00B9F92F /* Release */ = {
			isa = XCBuildConfiguration;
			buildSettings = {
				ASSETCATALOG_COMPILER_APPICON_NAME = AppIcon;
				ASSETCATALOG_COMPILER_GLOBAL_ACCENT_COLOR_NAME = AccentColor;
				CODE_SIGN_STYLE = Automatic;
				CURRENT_PROJECT_VERSION = 1;
				DEVELOPMENT_ASSET_PATHS = "\"Prototype1.3/Preview Content\"";
				DEVELOPMENT_TEAM = YNWL5LBFNH;
				ENABLE_PREVIEWS = YES;
				GENERATE_INFOPLIST_FILE = YES;
				INFOPLIST_KEY_UIApplicationSceneManifest_Generation = YES;
				INFOPLIST_KEY_UIApplicationSupportsIndirectInputEvents = YES;
				INFOPLIST_KEY_UILaunchScreen_Generation = YES;
				INFOPLIST_KEY_UISupportedInterfaceOrientations_iPad = "UIInterfaceOrientationPortrait UIInterfaceOrientationPortraitUpsideDown UIInterfaceOrientationLandscapeLeft UIInterfaceOrientationLandscapeRight";
				INFOPLIST_KEY_UISupportedInterfaceOrientations_iPhone = "UIInterfaceOrientationPortrait UIInterfaceOrientationLandscapeLeft UIInterfaceOrientationLandscapeRight";
				IPHONEOS_DEPLOYMENT_TARGET = 16.0;
				LD_RUNPATH_SEARCH_PATHS = (
					"$(inherited)",
					"@executable_path/Frameworks",
				);
				MARKETING_VERSION = 1.0;
				PRODUCT_BUNDLE_IDENTIFIER = com.energyevaluation.Prototype1.3;
				PRODUCT_NAME = "$(TARGET_NAME)";
				SWIFT_EMIT_LOC_STRINGS = YES;
				SWIFT_VERSION = 5.0;
				TARGETED_DEVICE_FAMILY = "1,2";
			};
			name = Release;
		};
/* End XCBuildConfiguration section */

/* Begin XCConfigurationList section */
		1C42285128A9627C00B9F92F /* Build configuration list for PBXProject "Prototype1.3" */ = {
			isa = XCConfigurationList;
			buildConfigurations = (
				1C42286728A9627D00B9F92F /* Debug */,
				1C42286828A9627D00B9F92F /* Release */,
			);
			defaultConfigurationIsVisible = 0;
			defaultConfigurationName = Release;
		};
		1C42286928A9627D00B9F92F /* Build configuration list for PBXNativeTarget "Prototype1.3" */ = {
			isa = XCConfigurationList;
			buildConfigurations = (
				1C42286A28A9627D00B9F92F /* Debug */,
				1C42286B28A9627D00B9F92F /* Release */,
			);
			defaultConfigurationIsVisible = 0;
			defaultConfigurationName = Release;
		};
/* End XCConfigurationList section */

/* Begin XCVersionGroup section */
		1C42286428A9627D00B9F92F /* Prototype1.3.xcdatamodeld */ = {
			isa = XCVersionGroup;
			children = (
				1C42286528A9627D00B9F92F /* Prototype1_3.xcdatamodel */,
			);
			currentVersion = 1C42286528A9627D00B9F92F /* Prototype1_3.xcdatamodel */;
			path = Prototype1.3.xcdatamodeld;
			sourceTree = "<group>";
			versionGroupType = wrapper.xcdatamodel;
		};
/* End XCVersionGroup section */
	};
	rootObject = 1C42284E28A9627C00B9F92F /* Project object */;
}
